
Microsoft Visual Studio Solution File, Format Version 12.00
# Visual Studio Version 16
VisualStudioVersion = 16.0.31105.61
MinimumVisualStudioVersion = 10.0.40219.1
Project("{9A19103F-16F7-4668-BE54-9A1E7A4F7556}") = "Cinema", "Cinema\Cinema.csproj", "{7916D936-E34F-4532-9B39-164B15E6B074}"
EndProject
Project("{FAE04EC0-301F-11D3-BF4B-00C04F79EFBC}") = "Cinema.Tests", "Cinema.Tests\Cinema.Tests.csproj", "{8971855A-F5E9-4CC6-B295-20BA0B95965A}"
EndProject
Global
	GlobalSection(SolutionConfigurationPlatforms) = preSolution
		Debug|Any CPU = Debug|Any CPU
		Release|Any CPU = Release|Any CPU
	EndGlobalSection
	GlobalSection(ProjectConfigurationPlatforms) = postSolution
		{7916D936-E34F-4532-9B39-164B15E6B074}.Debug|Any CPU.ActiveCfg = Debug|Any CPU
		{7916D936-E34F-4532-9B39-164B15E6B074}.Debug|Any CPU.Build.0 = Debug|Any CPU
		{7916D936-E34F-4532-9B39-164B15E6B074}.Release|Any CPU.ActiveCfg = Release|Any CPU
		{7916D936-E34F-4532-9B39-164B15E6B074}.Release|Any CPU.Build.0 = Release|Any CPU
		{8971855A-F5E9-4CC6-B295-20BA0B95965A}.Debug|Any CPU.ActiveCfg = Debug|Any CPU
		{8971855A-F5E9-4CC6-B295-20BA0B95965A}.Debug|Any CPU.Build.0 = Debug|Any CPU
		{8971855A-F5E9-4CC6-B295-20BA0B95965A}.Release|Any CPU.ActiveCfg = Release|Any CPU
		{8971855A-F5E9-4CC6-B295-20BA0B95965A}.Release|Any CPU.Build.0 = Release|Any CPU
	EndGlobalSection
	GlobalSection(SolutionProperties) = preSolution
		HideSolutionNode = FALSE
	EndGlobalSection
	GlobalSection(ExtensibilityGlobals) = postSolution
		SolutionGuid = {1DEA3ED6-4AAA-49F1-8208-B10DAAE44DB8}
	EndGlobalSection
EndGlobal
